
Microsoft Visual Studio Solution File, Format Version 12.00
# Visual Studio Version 17
VisualStudioVersion = 17.10.35013.160
MinimumVisualStudioVersion = 10.0.40219.1
Project("{2150E333-8FDC-42A3-9474-1A3956D46DE8}") = "1 - Application", "1 - Application", "{96BC2BB9-5B05-4767-8246-0F9D7BF2EC88}"
EndProject
Project("{9A19103F-16F7-4668-BE54-9A1E7A4F7556}") = "BenchTest.Application", "src\BenchTest.Application\BenchTest.Application.csproj", "{702E8084-F4F3-44FA-9AD0-D02F4A55F137}"
EndProject
Global
	GlobalSection(SolutionConfigurationPlatforms) = preSolution
		Debug|Any CPU = Debug|Any CPU
		Release|Any CPU = Release|Any CPU
	EndGlobalSection
	GlobalSection(ProjectConfigurationPlatforms) = postSolution
		{702E8084-F4F3-44FA-9AD0-D02F4A55F137}.Debug|Any CPU.ActiveCfg = Debug|Any CPU
		{702E8084-F4F3-44FA-9AD0-D02F4A55F137}.Debug|Any CPU.Build.0 = Debug|Any CPU
		{702E8084-F4F3-44FA-9AD0-D02F4A55F137}.Release|Any CPU.ActiveCfg = Release|Any CPU
		{702E8084-F4F3-44FA-9AD0-D02F4A55F137}.Release|Any CPU.Build.0 = Release|Any CPU
	EndGlobalSection
	GlobalSection(SolutionProperties) = preSolution
		HideSolutionNode = FALSE
	EndGlobalSection
	GlobalSection(NestedProjects) = preSolution
		{702E8084-F4F3-44FA-9AD0-D02F4A55F137} = {96BC2BB9-5B05-4767-8246-0F9D7BF2EC88}
	EndGlobalSection
	GlobalSection(ExtensibilityGlobals) = postSolution
		SolutionGuid = {52835951-5E08-401B-8498-9423BCBC66E5}
	EndGlobalSection
EndGlobal
